// !$*UTF8*$!
{
	archiveVersion = 1;
	classes = {
	};
	objectVersion = 46;
	objects = {

/* Begin PBXBuildFile section */
		728E931F1CA82B6600E3F2A3 /* AppDelegate.m in Sources */ = {isa = PBXBuildFile; fileRef = 728E931E1CA82B6600E3F2A3 /* AppDelegate.m */; };
		728E93221CA82B6600E3F2A3 /* main.m in Sources */ = {isa = PBXBuildFile; fileRef = 728E93211CA82B6600E3F2A3 /* main.m */; };
		728E93251CA82B6600E3F2A3 /* ViewController.m in Sources */ = {isa = PBXBuildFile; fileRef = 728E93241CA82B6600E3F2A3 /* ViewController.m */; };
		728E93271CA82B6600E3F2A3 /* Assets.xcassets in Resources */ = {isa = PBXBuildFile; fileRef = 728E93261CA82B6600E3F2A3 /* Assets.xcassets */; };
		728E932A1CA82B6600E3F2A3 /* Main.storyboard in Resources */ = {isa = PBXBuildFile; fileRef = 728E93281CA82B6600E3F2A3 /* Main.storyboard */; };
/* End PBXBuildFile section */

/* Begin PBXFileReference section */
		728E931A1CA82B6600E3F2A3 /* testing.app */ = {isa = PBXFileReference; explicitFileType = wrapper.application; includeInIndex = 0; path = testing.app; sourceTree = BUILT_PRODUCTS_DIR; };
		728E931D1CA82B6600E3F2A3 /* AppDelegate.h */ = {isa = PBXFileReference; lastKnownFileType = sourcecode.c.h; path = AppDelegate.h; sourceTree = "<group>"; };
		728E931E1CA82B6600E3F2A3 /* AppDelegate.m */ = {isa = PBXFileReference; lastKnownFileType = sourcecode.c.objc; path = AppDelegate.m; sourceTree = "<group>"; };
		728E93211CA82B6600E3F2A3 /* main.m */ = {isa = PBXFileReference; lastKnownFileType = sourcecode.c.objc; path = main.m; sourceTree = "<group>"; };
		728E93231CA82B6600E3F2A3 /* ViewController.h */ = {isa = PBXFileReference; lastKnownFileType = sourcecode.c.h; path = ViewController.h; sourceTree = "<group>"; };
		728E93241CA82B6600E3F2A3 /* ViewController.m */ = {isa = PBXFileReference; lastKnownFileType = sourcecode.c.objc; path = ViewController.m; sourceTree = "<group>"; };
		728E93261CA82B6600E3F2A3 /* Assets.xcassets */ = {isa = PBXFileReference; lastKnownFileType = folder.assetcatalog; path = Assets.xcassets; sourceTree = "<group>"; };
		728E93291CA82B6600E3F2A3 /* Base */ = {isa = PBXFileReference; lastKnownFileType = file.storyboard; name = Base; path = Base.lproj/Main.storyboard; sourceTree = "<group>"; };
		728E932B1CA82B6600E3F2A3 /* Info.plist */ = {isa = PBXFileReference; lastKnownFileType = text.plist.xml; path = Info.plist; sourceTree = "<group>"; };
/* End PBXFileReference section */

/* Begin PBXFrameworksBuildPhase section */
		728E93171CA82B6600E3F2A3 /* Frameworks */ = {
			isa = PBXFrameworksBuildPhase;
			buildActionMask = 2147483647;
			files = (
			);
			runOnlyForDeploymentPostprocessing = 0;
		};
/* End PBXFrameworksBuildPhase section */

/* Begin PBXGroup section */
		728E93111CA82B6600E3F2A3 = {
			isa = PBXGroup;
			children = (
				728E931C1CA82B6600E3F2A3 /* testing */,
				728E931B1CA82B6600E3F2A3 /* Products */,
			);
			sourceTree = "<group>";
		};
		728E931B1CA82B6600E3F2A3 /* Products */ = {
			isa = PBXGroup;
			children = (
				728E931A1CA82B6600E3F2A3 /* testing.app */,
			);
			name = Products;
			sourceTree = "<group>";
		};
		728E931C1CA82B6600E3F2A3 /* testing */ = {
			isa = PBXGroup;
			children = (
				728E931D1CA82B6600E3F2A3 /* AppDelegate.h */,
				728E931E1CA82B6600E3F2A3 /* AppDelegate.m */,
				728E93231CA82B6600E3F2A3 /* ViewController.h */,
				728E93241CA82B6600E3F2A3 /* ViewController.m */,
				728E93261CA82B6600E3F2A3 /* Assets.xcassets */,
				728E93281CA82B6600E3F2A3 /* Main.storyboard */,
				728E932B1CA82B6600E3F2A3 /* Info.plist */,
				728E93201CA82B6600E3F2A3 /* Supporting Files */,
			);
			path = testing;
			sourceTree = "<group>";
		};
		728E93201CA82B6600E3F2A3 /* Supporting Files */ = {
			isa = PBXGroup;
			children = (
				728E93211CA82B6600E3F2A3 /* main.m */,
			);
			name = "Supporting Files";
			sourceTree = "<group>";
		};
/* End PBXGroup section */

/* Begin PBXNativeTarget section */
		728E93191CA82B6600E3F2A3 /* testing */ = {
			isa = PBXNativeTarget;
			buildConfigurationList = 728E932E1CA82B6600E3F2A3 /* Build configuration list for PBXNativeTarget "testing" */;
			buildPhases = (
				728E93161CA82B6600E3F2A3 /* Sources */,
				728E93171CA82B6600E3F2A3 /* Frameworks */,
				728E93181CA82B6600E3F2A3 /* Resources */,
			);
			buildRules = (
			);
			dependencies = (
			);
			name = testing;
			productName = testing;
			productReference = 728E931A1CA82B6600E3F2A3 /* testing.app */;
			productType = "com.apple.product-type.application";
		};
/* End PBXNativeTarget section */

/* Begin PBXProject section */
		728E93121CA82B6600E3F2A3 /* Project object */ = {
			isa = PBXProject;
			attributes = {
				LastUpgradeCheck = 0730;
				ORGANIZATIONNAME = "Konstantin Davidenko";
				TargetAttributes = {
					728E93191CA82B6600E3F2A3 = {
						CreatedOnToolsVersion = 7.3;
					};
				};
			};
			buildConfigurationList = 728E93151CA82B6600E3F2A3 /* Build configuration list for PBXProject "testing" */;
			compatibilityVersion = "Xcode 3.2";
			developmentRegion = English;
			hasScannedForEncodings = 0;
			knownRegions = (
				en,
				Base,
			);
			mainGroup = 728E93111CA82B6600E3F2A3;
			productRefGroup = 728E931B1CA82B6600E3F2A3 /* Products */;
			projectDirPath = "";
			projectRoot = "";
			targets = (
				728E93191CA82B6600E3F2A3 /* testing */,
			);
		};
/* End PBXProject section */

/* Begin PBXResourcesBuildPhase section */
		728E93181CA82B6600E3F2A3 /* Resources */ = {
			isa = PBXResourcesBuildPhase;
			buildActionMask = 2147483647;
			files = (
				728E93271CA82B6600E3F2A3 /* Assets.xcassets in Resources */,
				728E932A1CA82B6600E3F2A3 /* Main.storyboard in Resources */,
			);
			runOnlyForDeploymentPostprocessing = 0;
		};
/* End PBXResourcesBuildPhase section */

/* Begin PBXSourcesBuildPhase section */
		728E93161CA82B6600E3F2A3 /* Sources */ = {
			isa = PBXSourcesBuildPhase;
			buildActionMask = 2147483647;
			files = (
				728E93251CA82B6600E3F2A3 /* ViewController.m in Sources */,
				728E93221CA82B6600E3F2A3 /* main.m in Sources */,
				728E931F1CA82B6600E3F2A3 /* AppDelegate.m in Sources */,
			);
			runOnlyForDeploymentPostprocessing = 0;
		};
/* End PBXSourcesBuildPhase section */

/* Begin PBXVariantGroup section */
		728E93281CA82B6600E3F2A3 /* Main.storyboard */ = {
			isa = PBXVariantGroup;
			children = (
				728E93291CA82B6600E3F2A3 /* Base */,
			);
			name = Main.storyboard;
			sourceTree = "<group>";
		};
/* End PBXVariantGroup section */

/* Begin XCBuildConfiguration section */
		728E932C1CA82B6600E3F2A3 /* Debug */ = {
			isa = XCBuildConfiguration;
			buildSettings = {
				ALWAYS_SEARCH_USER_PATHS = NO;
				CLANG_ANALYZER_NONNULL = YES;
				CLANG_CXX_LANGUAGE_STANDARD = "gnu++0x";
				CLANG_CXX_LIBRARY = "libc++";
				CLANG_ENABLE_MODULES = YES;
				CLANG_ENABLE_OBJC_ARC = YES;
				CLANG_WARN_BOOL_CONVERSION = YES;
				CLANG_WARN_CONSTANT_CONVERSION = YES;
				CLANG_WARN_DIRECT_OBJC_ISA_USAGE = YES_ERROR;
				CLANG_WARN_EMPTY_BODY = YES;
				CLANG_WARN_ENUM_CONVERSION = YES;
				CLANG_WARN_INT_CONVERSION = YES;
				CLANG_WARN_OBJC_ROOT_CLASS = YES_ERROR;
				CLANG_WARN_UNREACHABLE_CODE = YES;
				CLANG_WARN__DUPLICATE_METHOD_MATCH = YES;
				CODE_SIGN_IDENTITY = "-";
				COPY_PHASE_STRIP = NO;
				DEBUG_INFORMATION_FORMAT = dwarf;
				ENABLE_STRICT_OBJC_MSGSEND = YES;
				ENABLE_TESTABILITY = YES;
				GCC_C_LANGUAGE_STANDARD = gnu99;
				GCC_DYNAMIC_NO_PIC = NO;
				GCC_NO_COMMON_BLOCKS = YES;
				GCC_OPTIMIZATION_LEVEL = 0;
				GCC_PREPROCESSOR_DEFINITIONS = (
					"DEBUG=1",
					"$(inherited)",
				);
				GCC_WARN_64_TO_32_BIT_CONVERSION = YES;
				GCC_WARN_ABOUT_RETURN_TYPE = YES_ERROR;
				GCC_WARN_UNDECLARED_SELECTOR = YES;
				GCC_WARN_UNINITIALIZED_AUTOS = YES_AGGRESSIVE;
				GCC_WARN_UNUSED_FUNCTION = YES;
				GCC_WARN_UNUSED_VARIABLE = YES;
				MACOSX_DEPLOYMENT_TARGET = 10.11;
				MTL_ENABLE_DEBUG_INFO = YES;
				ONLY_ACTIVE_ARCH = YES;
				SDKROOT = macosx;
			};
			name = Debug;
		};
		728E932D1CA82B6600E3F2A3 /* Release */ = {
			isa = XCBuildConfiguration;
			buildSettings = {
				ALWAYS_SEARCH_USER_PATHS = NO;
				CLANG_ANALYZER_NONNULL = YES;
				CLANG_CXX_LANGUAGE_STANDARD = "gnu++0x";
				CLANG_CXX_LIBRARY = "libc++";
				CLANG_ENABLE_MODULES = YES;
				CLANG_ENABLE_OBJC_ARC = YES;
				CLANG_WARN_BOOL_CONVERSION = YES;
				CLANG_WARN_CONSTANT_CONVERSION = YES;
				CLANG_WARN_DIRECT_OBJC_ISA_USAGE = YES_ERROR;
				CLANG_WARN_EMPTY_BODY = YES;
				CLANG_WARN_ENUM_CONVERSION = YES;
				CLANG_WARN_INT_CONVERSION = YES;
				CLANG_WARN_OBJC_ROOT_CLASS = YES_ERROR;
				CLANG_WARN_UNREACHABLE_CODE = YES;
				CLANG_WARN__DUPLICATE_METHOD_MATCH = YES;
				CODE_SIGN_IDENTITY = "-";
				COPY_PHASE_STRIP = NO;
				DEBUG_INFORMATION_FORMAT = "dwarf-with-dsym";
				ENABLE_NS_ASSERTIONS = NO;
				ENABLE_STRICT_OBJC_MSGSEND = YES;
				GCC_C_LANGUAGE_STANDARD = gnu99;
				GCC_NO_COMMON_BLOCKS = YES;
				GCC_WARN_64_TO_32_BIT_CONVERSION = YES;
				GCC_WARN_ABOUT_RETURN_TYPE = YES_ERROR;
				GCC_WARN_UNDECLARED_SELECTOR = YES;
				GCC_WARN_UNINITIALIZED_AUTOS = YES_AGGRESSIVE;
				GCC_WARN_UNUSED_FUNCTION = YES;
				GCC_WARN_UNUSED_VARIABLE = YES;
				MACOSX_DEPLOYMENT_TARGET = 10.11;
				MTL_ENABLE_DEBUG_INFO = NO;
				SDKROOT = macosx;
			};
			name = Release;
		};
		728E932F1CA82B6600E3F2A3 /* Debug */ = {
			isa = XCBuildConfiguration;
			buildSettings = {
				ASSETCATALOG_COMPILER_APPICON_NAME = AppIcon;
				COMBINE_HIDPI_IMAGES = YES;
				INFOPLIST_FILE = testing/Info.plist;
				LD_RUNPATH_SEARCH_PATHS = "$(inherited) @executable_path/../Frameworks";
				PRODUCT_BUNDLE_IDENTIFIER = com.kndavidenko.testing;
				PRODUCT_NAME = "$(TARGET_NAME)";
			};
			name = Debug;
		};
		728E93301CA82B6600E3F2A3 /* Release */ = {
			isa = XCBuildConfiguration;
			buildSettings = {
				ASSETCATALOG_COMPILER_APPICON_NAME = AppIcon;
				COMBINE_HIDPI_IMAGES = YES;
				INFOPLIST_FILE = testing/Info.plist;
				LD_RUNPATH_SEARCH_PATHS = "$(inherited) @executable_path/../Frameworks";
				PRODUCT_BUNDLE_IDENTIFIER = com.kndavidenko.testing;
				PRODUCT_NAME = "$(TARGET_NAME)";
			};
			name = Release;
		};
/* End XCBuildConfiguration section */

/* Begin XCConfigurationList section */
		728E93151CA82B6600E3F2A3 /* Build configuration list for PBXProject "testing" */ = {
			isa = XCConfigurationList;
			buildConfigurations = (
				728E932C1CA82B6600E3F2A3 /* Debug */,
				728E932D1CA82B6600E3F2A3 /* Release */,
			);
			defaultConfigurationIsVisible = 0;
			defaultConfigurationName = Release;
		};
		728E932E1CA82B6600E3F2A3 /* Build configuration list for PBXNativeTarget "testing" */ = {
			isa = XCConfigurationList;
			buildConfigurations = (
				728E932F1CA82B6600E3F2A3 /* Debug */,
				728E93301CA82B6600E3F2A3 /* Release */,
			);
			defaultConfigurationIsVisible = 0;
		};
/* End XCConfigurationList section */
	};
	rootObject = 728E93121CA82B6600E3F2A3 /* Project object */;
}
